
Microsoft Visual Studio Solution File, Format Version 12.00
# Visual Studio Version 17
VisualStudioVersion = 17.7.34031.279
MinimumVisualStudioVersion = 10.0.40219.1
Project("{FAE04EC0-301F-11D3-BF4B-00C04F79EFBC}") = "MySQLConexion", "MySQLConexion\MySQLConexion.csproj", "{A12E4523-C158-4F66-A8AE-AE26BC89E8A1}"
EndProject
Global
	GlobalSection(SolutionConfigurationPlatforms) = preSolution
		Debug|Any CPU = Debug|Any CPU
		Release|Any CPU = Release|Any CPU
	EndGlobalSection
	GlobalSection(ProjectConfigurationPlatforms) = postSolution
		{A12E4523-C158-4F66-A8AE-AE26BC89E8A1}.Debug|Any CPU.ActiveCfg = Debug|Any CPU
		{A12E4523-C158-4F66-A8AE-AE26BC89E8A1}.Debug|Any CPU.Build.0 = Debug|Any CPU
		{A12E4523-C158-4F66-A8AE-AE26BC89E8A1}.Release|Any CPU.ActiveCfg = Release|Any CPU
		{A12E4523-C158-4F66-A8AE-AE26BC89E8A1}.Release|Any CPU.Build.0 = Release|Any CPU
	EndGlobalSection
	GlobalSection(SolutionProperties) = preSolution
		HideSolutionNode = FALSE
	EndGlobalSection
	GlobalSection(ExtensibilityGlobals) = postSolution
		SolutionGuid = {2D0F8394-F19A-44F7-901B-BEB9E3142E57}
	EndGlobalSection
EndGlobal
